
Microsoft Visual Studio Solution File, Format Version 12.00
# Visual Studio 14
VisualStudioVersion = 14.0.23107.0
MinimumVisualStudioVersion = 10.0.40219.1
Project("{FAE04EC0-301F-11D3-BF4B-00C04F79EFBC}") = "Petcare", "WebApplication1\Petcare.csproj", "{6469FD69-E02D-46DC-A9AA-F14F9DEC29FC}"
EndProject
Project("{FAE04EC0-301F-11D3-BF4B-00C04F79EFBC}") = "Petcare.Tests", "Petcare.Tests\Petcare.Tests.csproj", "{489AD0E4-559A-4922-93ED-9BF74DAEC642}"
EndProject
Global
	GlobalSection(SolutionConfigurationPlatforms) = preSolution
		Debug|Any CPU = Debug|Any CPU
		Release|Any CPU = Release|Any CPU
	EndGlobalSection
	GlobalSection(ProjectConfigurationPlatforms) = postSolution
		{6469FD69-E02D-46DC-A9AA-F14F9DEC29FC}.Debug|Any CPU.ActiveCfg = Debug|Any CPU
		{6469FD69-E02D-46DC-A9AA-F14F9DEC29FC}.Debug|Any CPU.Build.0 = Debug|Any CPU
		{6469FD69-E02D-46DC-A9AA-F14F9DEC29FC}.Release|Any CPU.ActiveCfg = Release|Any CPU
		{6469FD69-E02D-46DC-A9AA-F14F9DEC29FC}.Release|Any CPU.Build.0 = Release|Any CPU
		{489AD0E4-559A-4922-93ED-9BF74DAEC642}.Debug|Any CPU.ActiveCfg = Debug|Any CPU
		{489AD0E4-559A-4922-93ED-9BF74DAEC642}.Debug|Any CPU.Build.0 = Debug|Any CPU
		{489AD0E4-559A-4922-93ED-9BF74DAEC642}.Release|Any CPU.ActiveCfg = Release|Any CPU
		{489AD0E4-559A-4922-93ED-9BF74DAEC642}.Release|Any CPU.Build.0 = Release|Any CPU
	EndGlobalSection
	GlobalSection(SolutionProperties) = preSolution
		HideSolutionNode = FALSE
	EndGlobalSection
EndGlobal
